// !$*UTF8*$!
{
	archiveVersion = 1;
	classes = {
	};
	objectVersion = 55;
	objects = {

/* Begin PBXBuildFile section */
		2E02507D28ADFB9800699F2F /* Logo.swift in Sources */ = {isa = PBXBuildFile; fileRef = 2E02507C28ADFB9800699F2F /* Logo.swift */; };
		2E02508028ADFC6D00699F2F /* MenuButtons.swift in Sources */ = {isa = PBXBuildFile; fileRef = 2E02507F28ADFC6D00699F2F /* MenuButtons.swift */; };
		2E02508228AE251100699F2F /* HowToPlay.swift in Sources */ = {isa = PBXBuildFile; fileRef = 2E02508128AE251100699F2F /* HowToPlay.swift */; };
		2E02508428AE253200699F2F /* Leaderboard.swift in Sources */ = {isa = PBXBuildFile; fileRef = 2E02508328AE253200699F2F /* Leaderboard.swift */; };
		2E02508628AE256100699F2F /* Gameplay.swift in Sources */ = {isa = PBXBuildFile; fileRef = 2E02508528AE256100699F2F /* Gameplay.swift */; };
		2E02508928AE4B1100699F2F /* Instruction.swift in Sources */ = {isa = PBXBuildFile; fileRef = 2E02508828AE4B1100699F2F /* Instruction.swift */; };
		2E48E3DA28AE854400153710 /* ViewController.swift in Sources */ = {isa = PBXBuildFile; fileRef = 2E48E3D928AE854400153710 /* ViewController.swift */; };
		2E48E3DD28AE903100153710 /* Board.swift in Sources */ = {isa = PBXBuildFile; fileRef = 2E48E3DC28AE903100153710 /* Board.swift */; };
		2E48E3DF28AEA46C00153710 /* RoundScore.swift in Sources */ = {isa = PBXBuildFile; fileRef = 2E48E3DE28AEA46C00153710 /* RoundScore.swift */; };
		2E48E3E128AEA57000153710 /* Result.swift in Sources */ = {isa = PBXBuildFile; fileRef = 2E48E3E028AEA57000153710 /* Result.swift */; };
		2E4AA9E128AD27C100D7C0E1 /* Tic_tac_toeApp.swift in Sources */ = {isa = PBXBuildFile; fileRef = 2E4AA9E028AD27C100D7C0E1 /* Tic_tac_toeApp.swift */; };
		2E4AA9E328AD27C100D7C0E1 /* ContentView.swift in Sources */ = {isa = PBXBuildFile; fileRef = 2E4AA9E228AD27C100D7C0E1 /* ContentView.swift */; };
		2E4AA9E528AD27C300D7C0E1 /* Assets.xcassets in Resources */ = {isa = PBXBuildFile; fileRef = 2E4AA9E428AD27C300D7C0E1 /* Assets.xcassets */; };
		2E4AA9E828AD27C300D7C0E1 /* Preview Assets.xcassets in Resources */ = {isa = PBXBuildFile; fileRef = 2E4AA9E728AD27C300D7C0E1 /* Preview Assets.xcassets */; };
		2E989ACC28AD36500074B9EA /* Menu.swift in Sources */ = {isa = PBXBuildFile; fileRef = 2E989ACB28AD36500074B9EA /* Menu.swift */; };
		2EE6F79928AF148F007B8346 /* HistoryData.swift in Sources */ = {isa = PBXBuildFile; fileRef = 2EE6F79828AF148F007B8346 /* HistoryData.swift */; };
		2EE6F79F28AF1571007B8346 /* HistoryRow.swift in Sources */ = {isa = PBXBuildFile; fileRef = 2EE6F79E28AF1571007B8346 /* HistoryRow.swift */; };
		2EE6F7A128AF1669007B8346 /* History.swift in Sources */ = {isa = PBXBuildFile; fileRef = 2EE6F7A028AF1669007B8346 /* History.swift */; };
/* End PBXBuildFile section */

/* Begin PBXFileReference section */
		2E02507C28ADFB9800699F2F /* Logo.swift */ = {isa = PBXFileReference; lastKnownFileType = sourcecode.swift; path = Logo.swift; sourceTree = "<group>"; };
		2E02507F28ADFC6D00699F2F /* MenuButtons.swift */ = {isa = PBXFileReference; lastKnownFileType = sourcecode.swift; path = MenuButtons.swift; sourceTree = "<group>"; };
		2E02508128AE251100699F2F /* HowToPlay.swift */ = {isa = PBXFileReference; lastKnownFileType = sourcecode.swift; path = HowToPlay.swift; sourceTree = "<group>"; };
		2E02508328AE253200699F2F /* Leaderboard.swift */ = {isa = PBXFileReference; lastKnownFileType = sourcecode.swift; path = Leaderboard.swift; sourceTree = "<group>"; };
		2E02508528AE256100699F2F /* Gameplay.swift */ = {isa = PBXFileReference; lastKnownFileType = sourcecode.swift; path = Gameplay.swift; sourceTree = "<group>"; };
		2E02508828AE4B1100699F2F /* Instruction.swift */ = {isa = PBXFileReference; lastKnownFileType = sourcecode.swift; path = Instruction.swift; sourceTree = "<group>"; };
		2E48E3D928AE854400153710 /* ViewController.swift */ = {isa = PBXFileReference; lastKnownFileType = sourcecode.swift; path = ViewController.swift; sourceTree = "<group>"; };
		2E48E3DC28AE903100153710 /* Board.swift */ = {isa = PBXFileReference; lastKnownFileType = sourcecode.swift; path = Board.swift; sourceTree = "<group>"; };
		2E48E3DE28AEA46C00153710 /* RoundScore.swift */ = {isa = PBXFileReference; lastKnownFileType = sourcecode.swift; path = RoundScore.swift; sourceTree = "<group>"; };
		2E48E3E028AEA57000153710 /* Result.swift */ = {isa = PBXFileReference; lastKnownFileType = sourcecode.swift; path = Result.swift; sourceTree = "<group>"; };
		2E4AA9DD28AD27C100D7C0E1 /* Tic tac toe.app */ = {isa = PBXFileReference; explicitFileType = wrapper.application; includeInIndex = 0; path = "Tic tac toe.app"; sourceTree = BUILT_PRODUCTS_DIR; };
		2E4AA9E028AD27C100D7C0E1 /* Tic_tac_toeApp.swift */ = {isa = PBXFileReference; lastKnownFileType = sourcecode.swift; path = Tic_tac_toeApp.swift; sourceTree = "<group>"; };
		2E4AA9E228AD27C100D7C0E1 /* ContentView.swift */ = {isa = PBXFileReference; lastKnownFileType = sourcecode.swift; path = ContentView.swift; sourceTree = "<group>"; };
		2E4AA9E428AD27C300D7C0E1 /* Assets.xcassets */ = {isa = PBXFileReference; lastKnownFileType = folder.assetcatalog; path = Assets.xcassets; sourceTree = "<group>"; };
		2E4AA9E728AD27C300D7C0E1 /* Preview Assets.xcassets */ = {isa = PBXFileReference; lastKnownFileType = folder.assetcatalog; path = "Preview Assets.xcassets"; sourceTree = "<group>"; };
		2E989ACB28AD36500074B9EA /* Menu.swift */ = {isa = PBXFileReference; lastKnownFileType = sourcecode.swift; path = Menu.swift; sourceTree = "<group>"; };
		2EE6F79828AF148F007B8346 /* HistoryData.swift */ = {isa = PBXFileReference; lastKnownFileType = sourcecode.swift; path = HistoryData.swift; sourceTree = "<group>"; };
		2EE6F79E28AF1571007B8346 /* HistoryRow.swift */ = {isa = PBXFileReference; lastKnownFileType = sourcecode.swift; path = HistoryRow.swift; sourceTree = "<group>"; };
		2EE6F7A028AF1669007B8346 /* History.swift */ = {isa = PBXFileReference; lastKnownFileType = sourcecode.swift; path = History.swift; sourceTree = "<group>"; };
/* End PBXFileReference section */

/* Begin PBXFrameworksBuildPhase section */
		2E4AA9DA28AD27C100D7C0E1 /* Frameworks */ = {
			isa = PBXFrameworksBuildPhase;
			buildActionMask = 2147483647;
			files = (
			);
			runOnlyForDeploymentPostprocessing = 0;
		};
/* End PBXFrameworksBuildPhase section */

/* Begin PBXGroup section */
		2E02507B28ADFB8900699F2F /* Components */ = {
			isa = PBXGroup;
			children = (
				2EE6F79728AF13B2007B8346 /* leaderboard */,
				2E48E3DB28AE902200153710 /* gameplay */,
				2E02508728AE4AFF00699F2F /* instruction */,
				2E02507E28ADFBE000699F2F /* menu */,
			);
			path = Components;
			sourceTree = "<group>";
		};
		2E02507E28ADFBE000699F2F /* menu */ = {
			isa = PBXGroup;
			children = (
				2E02507C28ADFB9800699F2F /* Logo.swift */,
				2E02507F28ADFC6D00699F2F /* MenuButtons.swift */,
			);
			path = menu;
			sourceTree = "<group>";
		};
		2E02508728AE4AFF00699F2F /* instruction */ = {
			isa = PBXGroup;
			children = (
				2E02508828AE4B1100699F2F /* Instruction.swift */,
			);
			path = instruction;
			sourceTree = "<group>";
		};
		2E48E3DB28AE902200153710 /* gameplay */ = {
			isa = PBXGroup;
			children = (
				2E48E3DC28AE903100153710 /* Board.swift */,
				2E48E3DE28AEA46C00153710 /* RoundScore.swift */,
				2E48E3E028AEA57000153710 /* Result.swift */,
			);
			path = gameplay;
			sourceTree = "<group>";
		};
		2E4AA9D428AD27C100D7C0E1 = {
			isa = PBXGroup;
			children = (
				2E4AA9DF28AD27C100D7C0E1 /* Tic tac toe */,
				2E4AA9DE28AD27C100D7C0E1 /* Products */,
			);
			sourceTree = "<group>";
		};
		2E4AA9DE28AD27C100D7C0E1 /* Products */ = {
			isa = PBXGroup;
			children = (
				2E4AA9DD28AD27C100D7C0E1 /* Tic tac toe.app */,
			);
			name = Products;
			sourceTree = "<group>";
		};
		2E4AA9DF28AD27C100D7C0E1 /* Tic tac toe */ = {
			isa = PBXGroup;
			children = (
				2E02507B28ADFB8900699F2F /* Components */,
				2E989ACA28AD363A0074B9EA /* Views */,
				2E4AA9E028AD27C100D7C0E1 /* Tic_tac_toeApp.swift */,
				2E4AA9E228AD27C100D7C0E1 /* ContentView.swift */,
				2E4AA9E428AD27C300D7C0E1 /* Assets.xcassets */,
				2E4AA9E628AD27C300D7C0E1 /* Preview Content */,
				2E48E3D928AE854400153710 /* ViewController.swift */,
			);
			path = "Tic tac toe";
			sourceTree = "<group>";
		};
		2E4AA9E628AD27C300D7C0E1 /* Preview Content */ = {
			isa = PBXGroup;
			children = (
				2E4AA9E728AD27C300D7C0E1 /* Preview Assets.xcassets */,
			);
			path = "Preview Content";
			sourceTree = "<group>";
		};
		2E989ACA28AD363A0074B9EA /* Views */ = {
			isa = PBXGroup;
			children = (
				2E989ACB28AD36500074B9EA /* Menu.swift */,
				2E02508128AE251100699F2F /* HowToPlay.swift */,
				2E02508328AE253200699F2F /* Leaderboard.swift */,
				2E02508528AE256100699F2F /* Gameplay.swift */,
			);
			path = Views;
			sourceTree = "<group>";
		};
		2EE6F79728AF13B2007B8346 /* leaderboard */ = {
			isa = PBXGroup;
			children = (
				2EE6F79828AF148F007B8346 /* HistoryData.swift */,
				2EE6F79E28AF1571007B8346 /* HistoryRow.swift */,
				2EE6F7A028AF1669007B8346 /* History.swift */,
			);
			path = leaderboard;
			sourceTree = "<group>";
		};
/* End PBXGroup section */

/* Begin PBXNativeTarget section */
		2E4AA9DC28AD27C100D7C0E1 /* Tic tac toe */ = {
			isa = PBXNativeTarget;
			buildConfigurationList = 2E4AA9EB28AD27C300D7C0E1 /* Build configuration list for PBXNativeTarget "Tic tac toe" */;
			buildPhases = (
				2E4AA9D928AD27C100D7C0E1 /* Sources */,
				2E4AA9DA28AD27C100D7C0E1 /* Frameworks */,
				2E4AA9DB28AD27C100D7C0E1 /* Resources */,
			);
			buildRules = (
			);
			dependencies = (
			);
			name = "Tic tac toe";
			productName = "Tic tac toe";
			productReference = 2E4AA9DD28AD27C100D7C0E1 /* Tic tac toe.app */;
			productType = "com.apple.product-type.application";
		};
/* End PBXNativeTarget section */

/* Begin PBXProject section */
		2E4AA9D528AD27C100D7C0E1 /* Project object */ = {
			isa = PBXProject;
			attributes = {
				BuildIndependentTargetsInParallel = 1;
				LastSwiftUpdateCheck = 1340;
				LastUpgradeCheck = 1340;
				TargetAttributes = {
					2E4AA9DC28AD27C100D7C0E1 = {
						CreatedOnToolsVersion = 13.4.1;
					};
				};
			};
			buildConfigurationList = 2E4AA9D828AD27C100D7C0E1 /* Build configuration list for PBXProject "Tic tac toe" */;
			compatibilityVersion = "Xcode 13.0";
			developmentRegion = en;
			hasScannedForEncodings = 0;
			knownRegions = (
				en,
				Base,
			);
			mainGroup = 2E4AA9D428AD27C100D7C0E1;
			productRefGroup = 2E4AA9DE28AD27C100D7C0E1 /* Products */;
			projectDirPath = "";
			projectRoot = "";
			targets = (
				2E4AA9DC28AD27C100D7C0E1 /* Tic tac toe */,
			);
		};
/* End PBXProject section */

/* Begin PBXResourcesBuildPhase section */
		2E4AA9DB28AD27C100D7C0E1 /* Resources */ = {
			isa = PBXResourcesBuildPhase;
			buildActionMask = 2147483647;
			files = (
				2E4AA9E828AD27C300D7C0E1 /* Preview Assets.xcassets in Resources */,
				2E4AA9E528AD27C300D7C0E1 /* Assets.xcassets in Resources */,
			);
			runOnlyForDeploymentPostprocessing = 0;
		};
/* End PBXResourcesBuildPhase section */

/* Begin PBXSourcesBuildPhase section */
		2E4AA9D928AD27C100D7C0E1 /* Sources */ = {
			isa = PBXSourcesBuildPhase;
			buildActionMask = 2147483647;
			files = (
				2EE6F79F28AF1571007B8346 /* HistoryRow.swift in Sources */,
				2E48E3DA28AE854400153710 /* ViewController.swift in Sources */,
				2E48E3E128AEA57000153710 /* Result.swift in Sources */,
				2E02508928AE4B1100699F2F /* Instruction.swift in Sources */,
				2E989ACC28AD36500074B9EA /* Menu.swift in Sources */,
				2EE6F79928AF148F007B8346 /* HistoryData.swift in Sources */,
				2E02508628AE256100699F2F /* Gameplay.swift in Sources */,
				2E48E3DD28AE903100153710 /* Board.swift in Sources */,
				2E02508228AE251100699F2F /* HowToPlay.swift in Sources */,
				2E02508028ADFC6D00699F2F /* MenuButtons.swift in Sources */,
				2EE6F7A128AF1669007B8346 /* History.swift in Sources */,
				2E02508428AE253200699F2F /* Leaderboard.swift in Sources */,
				2E4AA9E328AD27C100D7C0E1 /* ContentView.swift in Sources */,
				2E02507D28ADFB9800699F2F /* Logo.swift in Sources */,
				2E4AA9E128AD27C100D7C0E1 /* Tic_tac_toeApp.swift in Sources */,
				2E48E3DF28AEA46C00153710 /* RoundScore.swift in Sources */,
			);
			runOnlyForDeploymentPostprocessing = 0;
		};
/* End PBXSourcesBuildPhase section */

/* Begin XCBuildConfiguration section */
		2E4AA9E928AD27C300D7C0E1 /* Debug */ = {
			isa = XCBuildConfiguration;
			buildSettings = {
				ALWAYS_SEARCH_USER_PATHS = NO;
				CLANG_ANALYZER_NONNULL = YES;
				CLANG_ANALYZER_NUMBER_OBJECT_CONVERSION = YES_AGGRESSIVE;
				CLANG_CXX_LANGUAGE_STANDARD = "gnu++17";
				CLANG_ENABLE_MODULES = YES;
				CLANG_ENABLE_OBJC_ARC = YES;
				CLANG_ENABLE_OBJC_WEAK = YES;
				CLANG_WARN_BLOCK_CAPTURE_AUTORELEASING = YES;
				CLANG_WARN_BOOL_CONVERSION = YES;
				CLANG_WARN_COMMA = YES;
				CLANG_WARN_CONSTANT_CONVERSION = YES;
				CLANG_WARN_DEPRECATED_OBJC_IMPLEMENTATIONS = YES;
				CLANG_WARN_DIRECT_OBJC_ISA_USAGE = YES_ERROR;
				CLANG_WARN_DOCUMENTATION_COMMENTS = YES;
				CLANG_WARN_EMPTY_BODY = YES;
				CLANG_WARN_ENUM_CONVERSION = YES;
				CLANG_WARN_INFINITE_RECURSION = YES;
				CLANG_WARN_INT_CONVERSION = YES;
				CLANG_WARN_NON_LITERAL_NULL_CONVERSION = YES;
				CLANG_WARN_OBJC_IMPLICIT_RETAIN_SELF = YES;
				CLANG_WARN_OBJC_LITERAL_CONVERSION = YES;
				CLANG_WARN_OBJC_ROOT_CLASS = YES_ERROR;
				CLANG_WARN_QUOTED_INCLUDE_IN_FRAMEWORK_HEADER = YES;
				CLANG_WARN_RANGE_LOOP_ANALYSIS = YES;
				CLANG_WARN_STRICT_PROTOTYPES = YES;
				CLANG_WARN_SUSPICIOUS_MOVE = YES;
				CLANG_WARN_UNGUARDED_AVAILABILITY = YES_AGGRESSIVE;
				CLANG_WARN_UNREACHABLE_CODE = YES;
				CLANG_WARN__DUPLICATE_METHOD_MATCH = YES;
				COPY_PHASE_STRIP = NO;
				DEBUG_INFORMATION_FORMAT = dwarf;
				ENABLE_STRICT_OBJC_MSGSEND = YES;
				ENABLE_TESTABILITY = YES;
				GCC_C_LANGUAGE_STANDARD = gnu11;
				GCC_DYNAMIC_NO_PIC = NO;
				GCC_NO_COMMON_BLOCKS = YES;
				GCC_OPTIMIZATION_LEVEL = 0;
				GCC_PREPROCESSOR_DEFINITIONS = (
					"DEBUG=1",
					"$(inherited)",
				);
				GCC_WARN_64_TO_32_BIT_CONVERSION = YES;
				GCC_WARN_ABOUT_RETURN_TYPE = YES_ERROR;
				GCC_WARN_UNDECLARED_SELECTOR = YES;
				GCC_WARN_UNINITIALIZED_AUTOS = YES_AGGRESSIVE;
				GCC_WARN_UNUSED_FUNCTION = YES;
				GCC_WARN_UNUSED_VARIABLE = YES;
				IPHONEOS_DEPLOYMENT_TARGET = 15.5;
				MTL_ENABLE_DEBUG_INFO = INCLUDE_SOURCE;
				MTL_FAST_MATH = YES;
				ONLY_ACTIVE_ARCH = YES;
				SDKROOT = iphoneos;
				SWIFT_ACTIVE_COMPILATION_CONDITIONS = DEBUG;
				SWIFT_OPTIMIZATION_LEVEL = "-Onone";
			};
			name = Debug;
		};
		2E4AA9EA28AD27C300D7C0E1 /* Release */ = {
			isa = XCBuildConfiguration;
			buildSettings = {
				ALWAYS_SEARCH_USER_PATHS = NO;
				CLANG_ANALYZER_NONNULL = YES;
				CLANG_ANALYZER_NUMBER_OBJECT_CONVERSION = YES_AGGRESSIVE;
				CLANG_CXX_LANGUAGE_STANDARD = "gnu++17";
				CLANG_ENABLE_MODULES = YES;
				CLANG_ENABLE_OBJC_ARC = YES;
				CLANG_ENABLE_OBJC_WEAK = YES;
				CLANG_WARN_BLOCK_CAPTURE_AUTORELEASING = YES;
				CLANG_WARN_BOOL_CONVERSION = YES;
				CLANG_WARN_COMMA = YES;
				CLANG_WARN_CONSTANT_CONVERSION = YES;
				CLANG_WARN_DEPRECATED_OBJC_IMPLEMENTATIONS = YES;
				CLANG_WARN_DIRECT_OBJC_ISA_USAGE = YES_ERROR;
				CLANG_WARN_DOCUMENTATION_COMMENTS = YES;
				CLANG_WARN_EMPTY_BODY = YES;
				CLANG_WARN_ENUM_CONVERSION = YES;
				CLANG_WARN_INFINITE_RECURSION = YES;
				CLANG_WARN_INT_CONVERSION = YES;
				CLANG_WARN_NON_LITERAL_NULL_CONVERSION = YES;
				CLANG_WARN_OBJC_IMPLICIT_RETAIN_SELF = YES;
				CLANG_WARN_OBJC_LITERAL_CONVERSION = YES;
				CLANG_WARN_OBJC_ROOT_CLASS = YES_ERROR;
				CLANG_WARN_QUOTED_INCLUDE_IN_FRAMEWORK_HEADER = YES;
				CLANG_WARN_RANGE_LOOP_ANALYSIS = YES;
				CLANG_WARN_STRICT_PROTOTYPES = YES;
				CLANG_WARN_SUSPICIOUS_MOVE = YES;
				CLANG_WARN_UNGUARDED_AVAILABILITY = YES_AGGRESSIVE;
				CLANG_WARN_UNREACHABLE_CODE = YES;
				CLANG_WARN__DUPLICATE_METHOD_MATCH = YES;
				COPY_PHASE_STRIP = NO;
				DEBUG_INFORMATION_FORMAT = "dwarf-with-dsym";
				ENABLE_NS_ASSERTIONS = NO;
				ENABLE_STRICT_OBJC_MSGSEND = YES;
				GCC_C_LANGUAGE_STANDARD = gnu11;
				GCC_NO_COMMON_BLOCKS = YES;
				GCC_WARN_64_TO_32_BIT_CONVERSION = YES;
				GCC_WARN_ABOUT_RETURN_TYPE = YES_ERROR;
				GCC_WARN_UNDECLARED_SELECTOR = YES;
				GCC_WARN_UNINITIALIZED_AUTOS = YES_AGGRESSIVE;
				GCC_WARN_UNUSED_FUNCTION = YES;
				GCC_WARN_UNUSED_VARIABLE = YES;
				IPHONEOS_DEPLOYMENT_TARGET = 15.5;
				MTL_ENABLE_DEBUG_INFO = NO;
				MTL_FAST_MATH = YES;
				SDKROOT = iphoneos;
				SWIFT_COMPILATION_MODE = wholemodule;
				SWIFT_OPTIMIZATION_LEVEL = "-O";
				VALIDATE_PRODUCT = YES;
			};
			name = Release;
		};
		2E4AA9EC28AD27C300D7C0E1 /* Debug */ = {
			isa = XCBuildConfiguration;
			buildSettings = {
				ASSETCATALOG_COMPILER_APPICON_NAME = AppIcon;
				ASSETCATALOG_COMPILER_GLOBAL_ACCENT_COLOR_NAME = AccentColor;
				CODE_SIGN_STYLE = Automatic;
				CURRENT_PROJECT_VERSION = 1;
				DEVELOPMENT_ASSET_PATHS = "\"Tic tac toe/Preview Content\"";
				DEVELOPMENT_TEAM = Y5XJ3H4BNG;
				ENABLE_PREVIEWS = YES;
				GENERATE_INFOPLIST_FILE = YES;
				INFOPLIST_KEY_UIApplicationSceneManifest_Generation = YES;
				INFOPLIST_KEY_UIApplicationSupportsIndirectInputEvents = YES;
				INFOPLIST_KEY_UILaunchScreen_Generation = YES;
				INFOPLIST_KEY_UISupportedInterfaceOrientations_iPad = "UIInterfaceOrientationPortrait UIInterfaceOrientationPortraitUpsideDown UIInterfaceOrientationLandscapeLeft UIInterfaceOrientationLandscapeRight";
				INFOPLIST_KEY_UISupportedInterfaceOrientations_iPhone = "UIInterfaceOrientationPortrait UIInterfaceOrientationLandscapeLeft UIInterfaceOrientationLandscapeRight";
				LD_RUNPATH_SEARCH_PATHS = (
					"$(inherited)",
					"@executable_path/Frameworks",
				);
				MARKETING_VERSION = 1.0;
				PRODUCT_BUNDLE_IDENTIFIER = "com.an.Tic-tac-toe";
				PRODUCT_NAME = "$(TARGET_NAME)";
				SWIFT_EMIT_LOC_STRINGS = YES;
				SWIFT_VERSION = 5.0;
				TARGETED_DEVICE_FAMILY = "1,2";
			};
			name = Debug;
		};
		2E4AA9ED28AD27C300D7C0E1 /* Release */ = {
			isa = XCBuildConfiguration;
			buildSettings = {
				ASSETCATALOG_COMPILER_APPICON_NAME = AppIcon;
				ASSETCATALOG_COMPILER_GLOBAL_ACCENT_COLOR_NAME = AccentColor;
				CODE_SIGN_STYLE = Automatic;
				CURRENT_PROJECT_VERSION = 1;
				DEVELOPMENT_ASSET_PATHS = "\"Tic tac toe/Preview Content\"";
				DEVELOPMENT_TEAM = Y5XJ3H4BNG;
				ENABLE_PREVIEWS = YES;
				GENERATE_INFOPLIST_FILE = YES;
				INFOPLIST_KEY_UIApplicationSceneManifest_Generation = YES;
				INFOPLIST_KEY_UIApplicationSupportsIndirectInputEvents = YES;
				INFOPLIST_KEY_UILaunchScreen_Generation = YES;
				INFOPLIST_KEY_UISupportedInterfaceOrientations_iPad = "UIInterfaceOrientationPortrait UIInterfaceOrientationPortraitUpsideDown UIInterfaceOrientationLandscapeLeft UIInterfaceOrientationLandscapeRight";
				INFOPLIST_KEY_UISupportedInterfaceOrientations_iPhone = "UIInterfaceOrientationPortrait UIInterfaceOrientationLandscapeLeft UIInterfaceOrientationLandscapeRight";
				LD_RUNPATH_SEARCH_PATHS = (
					"$(inherited)",
					"@executable_path/Frameworks",
				);
				MARKETING_VERSION = 1.0;
				PRODUCT_BUNDLE_IDENTIFIER = "com.an.Tic-tac-toe";
				PRODUCT_NAME = "$(TARGET_NAME)";
				SWIFT_EMIT_LOC_STRINGS = YES;
				SWIFT_VERSION = 5.0;
				TARGETED_DEVICE_FAMILY = "1,2";
			};
			name = Release;
		};
/* End XCBuildConfiguration section */

/* Begin XCConfigurationList section */
		2E4AA9D828AD27C100D7C0E1 /* Build configuration list for PBXProject "Tic tac toe" */ = {
			isa = XCConfigurationList;
			buildConfigurations = (
				2E4AA9E928AD27C300D7C0E1 /* Debug */,
				2E4AA9EA28AD27C300D7C0E1 /* Release */,
			);
			defaultConfigurationIsVisible = 0;
			defaultConfigurationName = Release;
		};
		2E4AA9EB28AD27C300D7C0E1 /* Build configuration list for PBXNativeTarget "Tic tac toe" */ = {
			isa = XCConfigurationList;
			buildConfigurations = (
				2E4AA9EC28AD27C300D7C0E1 /* Debug */,
				2E4AA9ED28AD27C300D7C0E1 /* Release */,
			);
			defaultConfigurationIsVisible = 0;
			defaultConfigurationName = Release;
		};
/* End XCConfigurationList section */
	};
	rootObject = 2E4AA9D528AD27C100D7C0E1 /* Project object */;
}
